
Microsoft Visual Studio Solution File, Format Version 12.00
# Visual Studio Version 16
VisualStudioVersion = 16.0.30204.135
MinimumVisualStudioVersion = 10.0.40219.1
Project("{FAE04EC0-301F-11D3-BF4B-00C04F79EFBC}") = "Lab7LS3", "Lab7LS3\Lab7LS3.csproj", "{ED453609-B30A-4136-ACB8-A44B234495EB}"
EndProject
Global
	GlobalSection(SolutionConfigurationPlatforms) = preSolution
		Debug|Any CPU = Debug|Any CPU
		Release|Any CPU = Release|Any CPU
	EndGlobalSection
	GlobalSection(ProjectConfigurationPlatforms) = postSolution
		{ED453609-B30A-4136-ACB8-A44B234495EB}.Debug|Any CPU.ActiveCfg = Debug|Any CPU
		{ED453609-B30A-4136-ACB8-A44B234495EB}.Debug|Any CPU.Build.0 = Debug|Any CPU
		{ED453609-B30A-4136-ACB8-A44B234495EB}.Release|Any CPU.ActiveCfg = Release|Any CPU
		{ED453609-B30A-4136-ACB8-A44B234495EB}.Release|Any CPU.Build.0 = Release|Any CPU
	EndGlobalSection
	GlobalSection(SolutionProperties) = preSolution
		HideSolutionNode = FALSE
	EndGlobalSection
	GlobalSection(ExtensibilityGlobals) = postSolution
		SolutionGuid = {F84334BC-EDD4-47E4-8DBF-13B688B35D45}
	EndGlobalSection
EndGlobal
